
Microsoft Visual Studio Solution File, Format Version 12.00
# Visual Studio Version 17
VisualStudioVersion = 17.11.35312.102
MinimumVisualStudioVersion = 10.0.40219.1
Project("{9A19103F-16F7-4668-BE54-9A1E7A4F7556}") = "BlogSimplesMvc.UI", "src\BlogSimplesMvc.UI\BlogSimplesMvc.UI.csproj", "{6780724A-8A35-41BD-AEF1-1316EE78F6DB}"
EndProject
Project("{FAE04EC0-301F-11D3-BF4B-00C04F79EFBC}") = "BlogSimplesAPI", "src\BlogSimplesAPI\BlogSimplesAPI.csproj", "{47ABF8F3-B356-4AD9-8DF0-940205411C92}"
EndProject
Global
	GlobalSection(SolutionConfigurationPlatforms) = preSolution
		Debug|Any CPU = Debug|Any CPU
		Release|Any CPU = Release|Any CPU
	EndGlobalSection
	GlobalSection(ProjectConfigurationPlatforms) = postSolution
		{6780724A-8A35-41BD-AEF1-1316EE78F6DB}.Debug|Any CPU.ActiveCfg = Debug|Any CPU
		{6780724A-8A35-41BD-AEF1-1316EE78F6DB}.Debug|Any CPU.Build.0 = Debug|Any CPU
		{6780724A-8A35-41BD-AEF1-1316EE78F6DB}.Release|Any CPU.ActiveCfg = Release|Any CPU
		{6780724A-8A35-41BD-AEF1-1316EE78F6DB}.Release|Any CPU.Build.0 = Release|Any CPU
		{47ABF8F3-B356-4AD9-8DF0-940205411C92}.Debug|Any CPU.ActiveCfg = Debug|Any CPU
		{47ABF8F3-B356-4AD9-8DF0-940205411C92}.Debug|Any CPU.Build.0 = Debug|Any CPU
		{47ABF8F3-B356-4AD9-8DF0-940205411C92}.Release|Any CPU.ActiveCfg = Release|Any CPU
		{47ABF8F3-B356-4AD9-8DF0-940205411C92}.Release|Any CPU.Build.0 = Release|Any CPU
	EndGlobalSection
	GlobalSection(SolutionProperties) = preSolution
		HideSolutionNode = FALSE
	EndGlobalSection
	GlobalSection(ExtensibilityGlobals) = postSolution
		SolutionGuid = {82916C8E-ECAF-4E12-ABDB-932D38DB220E}
	EndGlobalSection
EndGlobal
